<?xml version="1.0" encoding="utf-8"?>
<Project ToolsVersion="15.0" xmlns="http://schemas.microsoft.com/developer/msbuild/2003">
  <ItemGroup>
    <ClCompile Include="..\..\..\test\unit\apps\InfoTest.cpp">
      <Filter>Source Files</Filter>
    </ClCompile>
  </ItemGroup>
  <ItemGroup>
    <Object Include=".\pdal_test_support.dir\$(Configuration)\Support.obj" />
  </ItemGroup>
  <ItemGroup>
    <Filter Include="Object Libraries">
      <UniqueIdentifier>{E77E4ABC-8E3D-333B-BC4D-E55FB37250F3}</UniqueIdentifier>
    </Filter>
    <Filter Include="Source Files">
      <UniqueIdentifier>{91970896-EEEA-3273-8460-1F37F7E4BA95}</UniqueIdentifier>
    </Filter>
  </ItemGroup>
</Project>